{
  "name": "ajs_test",
  "version": "1.0.0",
  "lockfileVersion": 3,
  "requires": true,
  "packages": {
    "": {
      "name": "ajs_test",
      "version": "1.0.0",
      "license": "ISC",
      "devDependencies": {
        "@nikolay0110/ajs": "^1.0.0"
      }
    },
    "node_modules/@nikolay0110/ajs": {
      "version": "1.0.0",
      "resolved": "https://npm.pkg.github.com/download/@nikolay0110/ajs/1.0.0/81012627c0510f0e5c5d720bfef56f4f47422dbe",
      "integrity": "sha512-EHnBGpduyxeChx64SRCrPOL2Qgh/p/J07DGho/HoVUq+wKqa0m23IRtnsQDImgj4DHwdhFe/ruJxCgv5KLo9aw==",
      "dev": true,
      "license": "ISC"
    }
  }
}
